
Microsoft Visual Studio Solution File, Format Version 12.00
# Visual Studio Version 17
VisualStudioVersion = 17.11.35222.181
MinimumVisualStudioVersion = 10.0.40219.1
Project("{FAE04EC0-301F-11D3-BF4B-00C04F79EFBC}") = "MunicipalServicesApplication", "MunicipalServicesApplication\MunicipalServicesApplication.csproj", "{C71AB7B1-662F-44FE-B97E-5C241F062FF1}"
EndProject
Project("{FAE04EC0-301F-11D3-BF4B-00C04F79EFBC}") = "MunicipalServices.Core", "MunicipalServices.Core\MunicipalServices.Core.csproj", "{6E7ECC5A-D3E3-427D-9F0D-3496CC675853}"
EndProject
Project("{FAE04EC0-301F-11D3-BF4B-00C04F79EFBC}") = "MunicipalServices.Models", "MunicipalServices.Models\MunicipalServices.Models.csproj", "{EA47E818-D06A-451E-A5AE-C20F65E776FB}"
EndProject
Global
	GlobalSection(SolutionConfigurationPlatforms) = preSolution
		Debug|Any CPU = Debug|Any CPU
		Debug|x64 = Debug|x64
		Release|Any CPU = Release|Any CPU
		Release|x64 = Release|x64
	EndGlobalSection
	GlobalSection(ProjectConfigurationPlatforms) = postSolution
		{C71AB7B1-662F-44FE-B97E-5C241F062FF1}.Debug|Any CPU.ActiveCfg = Debug|Any CPU
		{C71AB7B1-662F-44FE-B97E-5C241F062FF1}.Debug|Any CPU.Build.0 = Debug|Any CPU
		{C71AB7B1-662F-44FE-B97E-5C241F062FF1}.Debug|x64.ActiveCfg = Debug|Any CPU
		{C71AB7B1-662F-44FE-B97E-5C241F062FF1}.Debug|x64.Build.0 = Debug|Any CPU
		{C71AB7B1-662F-44FE-B97E-5C241F062FF1}.Release|Any CPU.ActiveCfg = Release|Any CPU
		{C71AB7B1-662F-44FE-B97E-5C241F062FF1}.Release|Any CPU.Build.0 = Release|Any CPU
		{C71AB7B1-662F-44FE-B97E-5C241F062FF1}.Release|x64.ActiveCfg = Release|x64
		{C71AB7B1-662F-44FE-B97E-5C241F062FF1}.Release|x64.Build.0 = Release|x64
		{6E7ECC5A-D3E3-427D-9F0D-3496CC675853}.Debug|Any CPU.ActiveCfg = Debug|Any CPU
		{6E7ECC5A-D3E3-427D-9F0D-3496CC675853}.Debug|Any CPU.Build.0 = Debug|Any CPU
		{6E7ECC5A-D3E3-427D-9F0D-3496CC675853}.Debug|x64.ActiveCfg = Debug|Any CPU
		{6E7ECC5A-D3E3-427D-9F0D-3496CC675853}.Debug|x64.Build.0 = Debug|Any CPU
		{6E7ECC5A-D3E3-427D-9F0D-3496CC675853}.Release|Any CPU.ActiveCfg = Release|Any CPU
		{6E7ECC5A-D3E3-427D-9F0D-3496CC675853}.Release|Any CPU.Build.0 = Release|Any CPU
		{6E7ECC5A-D3E3-427D-9F0D-3496CC675853}.Release|x64.ActiveCfg = Release|Any CPU
		{6E7ECC5A-D3E3-427D-9F0D-3496CC675853}.Release|x64.Build.0 = Release|Any CPU
		{EA47E818-D06A-451E-A5AE-C20F65E776FB}.Debug|Any CPU.ActiveCfg = Debug|Any CPU
		{EA47E818-D06A-451E-A5AE-C20F65E776FB}.Debug|Any CPU.Build.0 = Debug|Any CPU
		{EA47E818-D06A-451E-A5AE-C20F65E776FB}.Debug|x64.ActiveCfg = Debug|Any CPU
		{EA47E818-D06A-451E-A5AE-C20F65E776FB}.Debug|x64.Build.0 = Debug|Any CPU
		{EA47E818-D06A-451E-A5AE-C20F65E776FB}.Release|Any CPU.ActiveCfg = Release|Any CPU
		{EA47E818-D06A-451E-A5AE-C20F65E776FB}.Release|Any CPU.Build.0 = Release|Any CPU
		{EA47E818-D06A-451E-A5AE-C20F65E776FB}.Release|x64.ActiveCfg = Release|Any CPU
		{EA47E818-D06A-451E-A5AE-C20F65E776FB}.Release|x64.Build.0 = Release|Any CPU
	EndGlobalSection
	GlobalSection(SolutionProperties) = preSolution
		HideSolutionNode = FALSE
	EndGlobalSection
	GlobalSection(ExtensibilityGlobals) = postSolution
		SolutionGuid = {F5F468C1-2A8D-4176-8DED-D44B87231F4F}
	EndGlobalSection
EndGlobal
